
Microsoft Visual Studio Solution File, Format Version 12.00
# Visual Studio 15
VisualStudioVersion = 15.0.26430.6
MinimumVisualStudioVersion = 10.0.40219.1
Project("{FAE04EC0-301F-11D3-BF4B-00C04F79EFBC}") = "EFCoreReview.Domain", "EFCoreReview.Domain\EFCoreReview.Domain.csproj", "{F981E736-D022-4F9C-B491-D8A16990564F}"
EndProject
Project("{FAE04EC0-301F-11D3-BF4B-00C04F79EFBC}") = "EFCoreReview.Data", "EFCoreReivew.Data\EFCoreReview.Data.csproj", "{0E55D9E1-DB7E-4249-B35F-1C40586A5A83}"
EndProject
Project("{FAE04EC0-301F-11D3-BF4B-00C04F79EFBC}") = "EFCoreReview.ConsoleUI", "EFCoreReview.ConsoleUI\EFCoreReview.ConsoleUI.csproj", "{B9A9345C-FA30-42F1-9115-A57BBE07D2E8}"
EndProject
Global
	GlobalSection(SolutionConfigurationPlatforms) = preSolution
		Debug|Any CPU = Debug|Any CPU
		Release|Any CPU = Release|Any CPU
	EndGlobalSection
	GlobalSection(ProjectConfigurationPlatforms) = postSolution
		{F981E736-D022-4F9C-B491-D8A16990564F}.Debug|Any CPU.ActiveCfg = Debug|Any CPU
		{F981E736-D022-4F9C-B491-D8A16990564F}.Debug|Any CPU.Build.0 = Debug|Any CPU
		{F981E736-D022-4F9C-B491-D8A16990564F}.Release|Any CPU.ActiveCfg = Release|Any CPU
		{F981E736-D022-4F9C-B491-D8A16990564F}.Release|Any CPU.Build.0 = Release|Any CPU
		{0E55D9E1-DB7E-4249-B35F-1C40586A5A83}.Debug|Any CPU.ActiveCfg = Debug|Any CPU
		{0E55D9E1-DB7E-4249-B35F-1C40586A5A83}.Debug|Any CPU.Build.0 = Debug|Any CPU
		{0E55D9E1-DB7E-4249-B35F-1C40586A5A83}.Release|Any CPU.ActiveCfg = Release|Any CPU
		{0E55D9E1-DB7E-4249-B35F-1C40586A5A83}.Release|Any CPU.Build.0 = Release|Any CPU
		{B9A9345C-FA30-42F1-9115-A57BBE07D2E8}.Debug|Any CPU.ActiveCfg = Debug|Any CPU
		{B9A9345C-FA30-42F1-9115-A57BBE07D2E8}.Debug|Any CPU.Build.0 = Debug|Any CPU
		{B9A9345C-FA30-42F1-9115-A57BBE07D2E8}.Release|Any CPU.ActiveCfg = Release|Any CPU
		{B9A9345C-FA30-42F1-9115-A57BBE07D2E8}.Release|Any CPU.Build.0 = Release|Any CPU
	EndGlobalSection
	GlobalSection(SolutionProperties) = preSolution
		HideSolutionNode = FALSE
	EndGlobalSection
EndGlobal
